// !$*UTF8*$!
{
	archiveVersion = 1;
	classes = {
	};
	objectVersion = 46;
	objects = {

/* Begin PBXBuildFile section */
		BE797B0C1AA1220500AF6149 /* _Event.swift in Sources */ = {isa = PBXBuildFile; fileRef = BE797B0A1AA1220500AF6149 /* _Event.swift */; };
		BE797B0D1AA1220500AF6149 /* Event.swift in Sources */ = {isa = PBXBuildFile; fileRef = BE797B0B1AA1220500AF6149 /* Event.swift */; };
		BE8E51661AA11D9900CB08D2 /* AppDelegate.swift in Sources */ = {isa = PBXBuildFile; fileRef = BE8E51651AA11D9900CB08D2 /* AppDelegate.swift */; };
		BE8E51691AA11D9900CB08D2 /* CoreDataSample.xcdatamodeld in Sources */ = {isa = PBXBuildFile; fileRef = BE8E51671AA11D9900CB08D2 /* CoreDataSample.xcdatamodeld */; };
		BE8E516B1AA11D9900CB08D2 /* MasterViewController.swift in Sources */ = {isa = PBXBuildFile; fileRef = BE8E516A1AA11D9900CB08D2 /* MasterViewController.swift */; };
		BE8E516D1AA11D9900CB08D2 /* DetailViewController.swift in Sources */ = {isa = PBXBuildFile; fileRef = BE8E516C1AA11D9900CB08D2 /* DetailViewController.swift */; };
		BE8E51701AA11D9900CB08D2 /* Main.storyboard in Resources */ = {isa = PBXBuildFile; fileRef = BE8E516E1AA11D9900CB08D2 /* Main.storyboard */; };
		BE8E51721AA11D9900CB08D2 /* Images.xcassets in Resources */ = {isa = PBXBuildFile; fileRef = BE8E51711AA11D9900CB08D2 /* Images.xcassets */; };
		BE8E51751AA11D9900CB08D2 /* LaunchScreen.xib in Resources */ = {isa = PBXBuildFile; fileRef = BE8E51731AA11D9900CB08D2 /* LaunchScreen.xib */; };
		BE8E51811AA11D9900CB08D2 /* CoreDataSampleTests.swift in Sources */ = {isa = PBXBuildFile; fileRef = BE8E51801AA11D9900CB08D2 /* CoreDataSampleTests.swift */; };
		BE8E518B1AA11DFF00CB08D2 /* DDRCoreDataKit.framework in Frameworks */ = {isa = PBXBuildFile; fileRef = BE8E518A1AA11DFF00CB08D2 /* DDRCoreDataKit.framework */; };
/* End PBXBuildFile section */

/* Begin PBXContainerItemProxy section */
		BE8E517B1AA11D9900CB08D2 /* PBXContainerItemProxy */ = {
			isa = PBXContainerItemProxy;
			containerPortal = BE8E51581AA11D9900CB08D2 /* Project object */;
			proxyType = 1;
			remoteGlobalIDString = BE8E515F1AA11D9900CB08D2;
			remoteInfo = CoreDataSample;
		};
/* End PBXContainerItemProxy section */

/* Begin PBXFileReference section */
		BE797B0A1AA1220500AF6149 /* _Event.swift */ = {isa = PBXFileReference; fileEncoding = 4; lastKnownFileType = sourcecode.swift; path = _Event.swift; sourceTree = "<group>"; };
		BE797B0B1AA1220500AF6149 /* Event.swift */ = {isa = PBXFileReference; fileEncoding = 4; lastKnownFileType = sourcecode.swift; path = Event.swift; sourceTree = "<group>"; };
		BE8E51601AA11D9900CB08D2 /* CoreDataSample.app */ = {isa = PBXFileReference; explicitFileType = wrapper.application; includeInIndex = 0; path = CoreDataSample.app; sourceTree = BUILT_PRODUCTS_DIR; };
		BE8E51641AA11D9900CB08D2 /* Info.plist */ = {isa = PBXFileReference; lastKnownFileType = text.plist.xml; path = Info.plist; sourceTree = "<group>"; };
		BE8E51651AA11D9900CB08D2 /* AppDelegate.swift */ = {isa = PBXFileReference; lastKnownFileType = sourcecode.swift; path = AppDelegate.swift; sourceTree = "<group>"; };
		BE8E51681AA11D9900CB08D2 /* CoreDataSample.xcdatamodel */ = {isa = PBXFileReference; lastKnownFileType = wrapper.xcdatamodel; path = CoreDataSample.xcdatamodel; sourceTree = "<group>"; };
		BE8E516A1AA11D9900CB08D2 /* MasterViewController.swift */ = {isa = PBXFileReference; lastKnownFileType = sourcecode.swift; path = MasterViewController.swift; sourceTree = "<group>"; };
		BE8E516C1AA11D9900CB08D2 /* DetailViewController.swift */ = {isa = PBXFileReference; lastKnownFileType = sourcecode.swift; path = DetailViewController.swift; sourceTree = "<group>"; };
		BE8E516F1AA11D9900CB08D2 /* Base */ = {isa = PBXFileReference; lastKnownFileType = file.storyboard; name = Base; path = Base.lproj/Main.storyboard; sourceTree = "<group>"; };
		BE8E51711AA11D9900CB08D2 /* Images.xcassets */ = {isa = PBXFileReference; lastKnownFileType = folder.assetcatalog; path = Images.xcassets; sourceTree = "<group>"; };
		BE8E51741AA11D9900CB08D2 /* Base */ = {isa = PBXFileReference; lastKnownFileType = file.xib; name = Base; path = Base.lproj/LaunchScreen.xib; sourceTree = "<group>"; };
		BE8E517A1AA11D9900CB08D2 /* CoreDataSampleTests.xctest */ = {isa = PBXFileReference; explicitFileType = wrapper.cfbundle; includeInIndex = 0; path = CoreDataSampleTests.xctest; sourceTree = BUILT_PRODUCTS_DIR; };
		BE8E517F1AA11D9900CB08D2 /* Info.plist */ = {isa = PBXFileReference; lastKnownFileType = text.plist.xml; path = Info.plist; sourceTree = "<group>"; };
		BE8E51801AA11D9900CB08D2 /* CoreDataSampleTests.swift */ = {isa = PBXFileReference; lastKnownFileType = sourcecode.swift; path = CoreDataSampleTests.swift; sourceTree = "<group>"; };
		BE8E518A1AA11DFF00CB08D2 /* DDRCoreDataKit.framework */ = {isa = PBXFileReference; lastKnownFileType = wrapper.framework; name = DDRCoreDataKit.framework; path = "DDRCoreDataKit/build/Debug-iphoneos/DDRCoreDataKit.framework"; sourceTree = "<group>"; };
/* End PBXFileReference section */

/* Begin PBXFrameworksBuildPhase section */
		BE8E515D1AA11D9900CB08D2 /* Frameworks */ = {
			isa = PBXFrameworksBuildPhase;
			buildActionMask = 2147483647;
			files = (
				BE8E518B1AA11DFF00CB08D2 /* DDRCoreDataKit.framework in Frameworks */,
			);
			runOnlyForDeploymentPostprocessing = 0;
		};
		BE8E51771AA11D9900CB08D2 /* Frameworks */ = {
			isa = PBXFrameworksBuildPhase;
			buildActionMask = 2147483647;
			files = (
			);
			runOnlyForDeploymentPostprocessing = 0;
		};
/* End PBXFrameworksBuildPhase section */

/* Begin PBXGroup section */
		0382ED591AA134780076D42C /* Frameworks */ = {
			isa = PBXGroup;
			children = (
				BE8E518A1AA11DFF00CB08D2 /* DDRCoreDataKit.framework */,
			);
			name = Frameworks;
			sourceTree = "<group>";
		};
		BE797B091AA1220500AF6149 /* ModelObjects */ = {
			isa = PBXGroup;
			children = (
				BE797B0A1AA1220500AF6149 /* _Event.swift */,
				BE797B0B1AA1220500AF6149 /* Event.swift */,
			);
			path = ModelObjects;
			sourceTree = "<group>";
		};
		BE8E51571AA11D9900CB08D2 = {
			isa = PBXGroup;
			children = (
				BE8E51621AA11D9900CB08D2 /* CoreDataSample */,
				BE8E517D1AA11D9900CB08D2 /* CoreDataSampleTests */,
				0382ED591AA134780076D42C /* Frameworks */,
				BE8E51611AA11D9900CB08D2 /* Products */,
			);
			sourceTree = "<group>";
		};
		BE8E51611AA11D9900CB08D2 /* Products */ = {
			isa = PBXGroup;
			children = (
				BE8E51601AA11D9900CB08D2 /* CoreDataSample.app */,
				BE8E517A1AA11D9900CB08D2 /* CoreDataSampleTests.xctest */,
			);
			name = Products;
			sourceTree = "<group>";
		};
		BE8E51621AA11D9900CB08D2 /* CoreDataSample */ = {
			isa = PBXGroup;
			children = (
				BE797B091AA1220500AF6149 /* ModelObjects */,
				BE8E51651AA11D9900CB08D2 /* AppDelegate.swift */,
				BE8E516A1AA11D9900CB08D2 /* MasterViewController.swift */,
				BE8E516C1AA11D9900CB08D2 /* DetailViewController.swift */,
				BE8E516E1AA11D9900CB08D2 /* Main.storyboard */,
				BE8E51711AA11D9900CB08D2 /* Images.xcassets */,
				BE8E51731AA11D9900CB08D2 /* LaunchScreen.xib */,
				BE8E51671AA11D9900CB08D2 /* CoreDataSample.xcdatamodeld */,
				BE8E51631AA11D9900CB08D2 /* Supporting Files */,
			);
			path = CoreDataSample;
			sourceTree = "<group>";
		};
		BE8E51631AA11D9900CB08D2 /* Supporting Files */ = {
			isa = PBXGroup;
			children = (
				BE8E51641AA11D9900CB08D2 /* Info.plist */,
			);
			name = "Supporting Files";
			sourceTree = "<group>";
		};
		BE8E517D1AA11D9900CB08D2 /* CoreDataSampleTests */ = {
			isa = PBXGroup;
			children = (
				BE8E51801AA11D9900CB08D2 /* CoreDataSampleTests.swift */,
				BE8E517E1AA11D9900CB08D2 /* Supporting Files */,
			);
			path = CoreDataSampleTests;
			sourceTree = "<group>";
		};
		BE8E517E1AA11D9900CB08D2 /* Supporting Files */ = {
			isa = PBXGroup;
			children = (
				BE8E517F1AA11D9900CB08D2 /* Info.plist */,
			);
			name = "Supporting Files";
			sourceTree = "<group>";
		};
/* End PBXGroup section */

/* Begin PBXNativeTarget section */
		BE8E515F1AA11D9900CB08D2 /* CoreDataSample */ = {
			isa = PBXNativeTarget;
			buildConfigurationList = BE8E51841AA11D9900CB08D2 /* Build configuration list for PBXNativeTarget "CoreDataSample" */;
			buildPhases = (
				BE8E518D1AA11FD000CB08D2 /* ShellScript */,
				BE8E515C1AA11D9900CB08D2 /* Sources */,
				BE8E515D1AA11D9900CB08D2 /* Frameworks */,
				BE8E515E1AA11D9900CB08D2 /* Resources */,
			);
			buildRules = (
			);
			dependencies = (
			);
			name = CoreDataSample;
			productName = CoreDataSample;
			productReference = BE8E51601AA11D9900CB08D2 /* CoreDataSample.app */;
			productType = "com.apple.product-type.application";
		};
		BE8E51791AA11D9900CB08D2 /* CoreDataSampleTests */ = {
			isa = PBXNativeTarget;
			buildConfigurationList = BE8E51871AA11D9900CB08D2 /* Build configuration list for PBXNativeTarget "CoreDataSampleTests" */;
			buildPhases = (
				BE8E51761AA11D9900CB08D2 /* Sources */,
				BE8E51771AA11D9900CB08D2 /* Frameworks */,
				BE8E51781AA11D9900CB08D2 /* Resources */,
			);
			buildRules = (
			);
			dependencies = (
				BE8E517C1AA11D9900CB08D2 /* PBXTargetDependency */,
			);
			name = CoreDataSampleTests;
			productName = CoreDataSampleTests;
			productReference = BE8E517A1AA11D9900CB08D2 /* CoreDataSampleTests.xctest */;
			productType = "com.apple.product-type.bundle.unit-test";
		};
/* End PBXNativeTarget section */

/* Begin PBXProject section */
		BE8E51581AA11D9900CB08D2 /* Project object */ = {
			isa = PBXProject;
			attributes = {
				LastUpgradeCheck = 0630;
				ORGANIZATIONNAME = "Screen Cast";
				TargetAttributes = {
					BE8E515F1AA11D9900CB08D2 = {
						CreatedOnToolsVersion = 6.3;
					};
					BE8E51791AA11D9900CB08D2 = {
						CreatedOnToolsVersion = 6.3;
						TestTargetID = BE8E515F1AA11D9900CB08D2;
					};
				};
			};
			buildConfigurationList = BE8E515B1AA11D9900CB08D2 /* Build configuration list for PBXProject "CoreDataSample" */;
			compatibilityVersion = "Xcode 3.2";
			developmentRegion = English;
			hasScannedForEncodings = 0;
			knownRegions = (
				en,
				Base,
			);
			mainGroup = BE8E51571AA11D9900CB08D2;
			productRefGroup = BE8E51611AA11D9900CB08D2 /* Products */;
			projectDirPath = "";
			projectRoot = "";
			targets = (
				BE8E515F1AA11D9900CB08D2 /* CoreDataSample */,
				BE8E51791AA11D9900CB08D2 /* CoreDataSampleTests */,
			);
		};
/* End PBXProject section */

/* Begin PBXResourcesBuildPhase section */
		BE8E515E1AA11D9900CB08D2 /* Resources */ = {
			isa = PBXResourcesBuildPhase;
			buildActionMask = 2147483647;
			files = (
				BE8E51701AA11D9900CB08D2 /* Main.storyboard in Resources */,
				BE8E51751AA11D9900CB08D2 /* LaunchScreen.xib in Resources */,
				BE8E51721AA11D9900CB08D2 /* Images.xcassets in Resources */,
			);
			runOnlyForDeploymentPostprocessing = 0;
		};
		BE8E51781AA11D9900CB08D2 /* Resources */ = {
			isa = PBXResourcesBuildPhase;
			buildActionMask = 2147483647;
			files = (
			);
			runOnlyForDeploymentPostprocessing = 0;
		};
/* End PBXResourcesBuildPhase section */

/* Begin PBXShellScriptBuildPhase section */
		BE8E518D1AA11FD000CB08D2 /* ShellScript */ = {
			isa = PBXShellScriptBuildPhase;
			buildActionMask = 2147483647;
			files = (
			);
			inputPaths = (
			);
			outputPaths = (
			);
			runOnlyForDeploymentPostprocessing = 0;
			shellPath = /bin/sh;
			shellScript = "cd \"$PROJECT_DIR/$TARGET_NAME\" && /Users/dreed/bin/mogenerator --swift -m \"$TARGET_NAME\".xcdatamodeld --base-class DDRManagedObject --base-class-import DDRCoreDataKit  --output-dir ./ModelObjects";
		};
/* End PBXShellScriptBuildPhase section */

/* Begin PBXSourcesBuildPhase section */
		BE8E515C1AA11D9900CB08D2 /* Sources */ = {
			isa = PBXSourcesBuildPhase;
			buildActionMask = 2147483647;
			files = (
				BE8E51691AA11D9900CB08D2 /* CoreDataSample.xcdatamodeld in Sources */,
				BE8E51661AA11D9900CB08D2 /* AppDelegate.swift in Sources */,
				BE8E516B1AA11D9900CB08D2 /* MasterViewController.swift in Sources */,
				BE8E516D1AA11D9900CB08D2 /* DetailViewController.swift in Sources */,
				BE797B0D1AA1220500AF6149 /* Event.swift in Sources */,
				BE797B0C1AA1220500AF6149 /* _Event.swift in Sources */,
			);
			runOnlyForDeploymentPostprocessing = 0;
		};
		BE8E51761AA11D9900CB08D2 /* Sources */ = {
			isa = PBXSourcesBuildPhase;
			buildActionMask = 2147483647;
			files = (
				BE8E51811AA11D9900CB08D2 /* CoreDataSampleTests.swift in Sources */,
			);
			runOnlyForDeploymentPostprocessing = 0;
		};
/* End PBXSourcesBuildPhase section */

/* Begin PBXTargetDependency section */
		BE8E517C1AA11D9900CB08D2 /* PBXTargetDependency */ = {
			isa = PBXTargetDependency;
			target = BE8E515F1AA11D9900CB08D2 /* CoreDataSample */;
			targetProxy = BE8E517B1AA11D9900CB08D2 /* PBXContainerItemProxy */;
		};
/* End PBXTargetDependency section */

/* Begin PBXVariantGroup section */
		BE8E516E1AA11D9900CB08D2 /* Main.storyboard */ = {
			isa = PBXVariantGroup;
			children = (
				BE8E516F1AA11D9900CB08D2 /* Base */,
			);
			name = Main.storyboard;
			sourceTree = "<group>";
		};
		BE8E51731AA11D9900CB08D2 /* LaunchScreen.xib */ = {
			isa = PBXVariantGroup;
			children = (
				BE8E51741AA11D9900CB08D2 /* Base */,
			);
			name = LaunchScreen.xib;
			sourceTree = "<group>";
		};
/* End PBXVariantGroup section */

/* Begin XCBuildConfiguration section */
		BE8E51821AA11D9900CB08D2 /* Debug */ = {
			isa = XCBuildConfiguration;
			buildSettings = {
				ALWAYS_SEARCH_USER_PATHS = NO;
				CLANG_CXX_LANGUAGE_STANDARD = "gnu++0x";
				CLANG_CXX_LIBRARY = "libc++";
				CLANG_ENABLE_MODULES = YES;
				CLANG_ENABLE_OBJC_ARC = YES;
				CLANG_WARN_BOOL_CONVERSION = YES;
				CLANG_WARN_CONSTANT_CONVERSION = YES;
				CLANG_WARN_DIRECT_OBJC_ISA_USAGE = YES_ERROR;
				CLANG_WARN_EMPTY_BODY = YES;
				CLANG_WARN_ENUM_CONVERSION = YES;
				CLANG_WARN_INT_CONVERSION = YES;
				CLANG_WARN_OBJC_ROOT_CLASS = YES_ERROR;
				CLANG_WARN_UNREACHABLE_CODE = YES;
				CLANG_WARN__DUPLICATE_METHOD_MATCH = YES;
				"CODE_SIGN_IDENTITY[sdk=iphoneos*]" = "iPhone Developer";
				COPY_PHASE_STRIP = NO;
				DEBUG_INFORMATION_FORMAT = dwarf;
				ENABLE_STRICT_OBJC_MSGSEND = YES;
				GCC_C_LANGUAGE_STANDARD = gnu99;
				GCC_DYNAMIC_NO_PIC = NO;
				GCC_NO_COMMON_BLOCKS = YES;
				GCC_OPTIMIZATION_LEVEL = 0;
				GCC_PREPROCESSOR_DEFINITIONS = (
					"DEBUG=1",
					"$(inherited)",
				);
				GCC_SYMBOLS_PRIVATE_EXTERN = NO;
				GCC_WARN_64_TO_32_BIT_CONVERSION = YES;
				GCC_WARN_ABOUT_RETURN_TYPE = YES_ERROR;
				GCC_WARN_UNDECLARED_SELECTOR = YES;
				GCC_WARN_UNINITIALIZED_AUTOS = YES_AGGRESSIVE;
				GCC_WARN_UNUSED_FUNCTION = YES;
				GCC_WARN_UNUSED_VARIABLE = YES;
				IPHONEOS_DEPLOYMENT_TARGET = 8.3;
				MTL_ENABLE_DEBUG_INFO = YES;
				ONLY_ACTIVE_ARCH = YES;
				SDKROOT = iphoneos;
				SWIFT_OPTIMIZATION_LEVEL = "-Onone";
			};
			name = Debug;
		};
		BE8E51831AA11D9900CB08D2 /* Release */ = {
			isa = XCBuildConfiguration;
			buildSettings = {
				ALWAYS_SEARCH_USER_PATHS = NO;
				CLANG_CXX_LANGUAGE_STANDARD = "gnu++0x";
				CLANG_CXX_LIBRARY = "libc++";
				CLANG_ENABLE_MODULES = YES;
				CLANG_ENABLE_OBJC_ARC = YES;
				CLANG_WARN_BOOL_CONVERSION = YES;
				CLANG_WARN_CONSTANT_CONVERSION = YES;
				CLANG_WARN_DIRECT_OBJC_ISA_USAGE = YES_ERROR;
				CLANG_WARN_EMPTY_BODY = YES;
				CLANG_WARN_ENUM_CONVERSION = YES;
				CLANG_WARN_INT_CONVERSION = YES;
				CLANG_WARN_OBJC_ROOT_CLASS = YES_ERROR;
				CLANG_WARN_UNREACHABLE_CODE = YES;
				CLANG_WARN__DUPLICATE_METHOD_MATCH = YES;
				"CODE_SIGN_IDENTITY[sdk=iphoneos*]" = "iPhone Developer";
				COPY_PHASE_STRIP = NO;
				DEBUG_INFORMATION_FORMAT = "dwarf-with-dsym";
				ENABLE_NS_ASSERTIONS = NO;
				ENABLE_STRICT_OBJC_MSGSEND = YES;
				GCC_C_LANGUAGE_STANDARD = gnu99;
				GCC_NO_COMMON_BLOCKS = YES;
				GCC_WARN_64_TO_32_BIT_CONVERSION = YES;
				GCC_WARN_ABOUT_RETURN_TYPE = YES_ERROR;
				GCC_WARN_UNDECLARED_SELECTOR = YES;
				GCC_WARN_UNINITIALIZED_AUTOS = YES_AGGRESSIVE;
				GCC_WARN_UNUSED_FUNCTION = YES;
				GCC_WARN_UNUSED_VARIABLE = YES;
				IPHONEOS_DEPLOYMENT_TARGET = 8.3;
				MTL_ENABLE_DEBUG_INFO = NO;
				SDKROOT = iphoneos;
				VALIDATE_PRODUCT = YES;
			};
			name = Release;
		};
		BE8E51851AA11D9900CB08D2 /* Debug */ = {
			isa = XCBuildConfiguration;
			buildSettings = {
				ASSETCATALOG_COMPILER_APPICON_NAME = AppIcon;
				FRAMEWORK_SEARCH_PATHS = (
					"$(inherited)",
					"$(PROJECT_DIR)/DDRCoreDataKit/build/Debug-iphoneos",
				);
				INFOPLIST_FILE = CoreDataSample/Info.plist;
				LD_RUNPATH_SEARCH_PATHS = "$(inherited) @executable_path/Frameworks";
				PRODUCT_NAME = "$(TARGET_NAME)";
			};
			name = Debug;
		};
		BE8E51861AA11D9900CB08D2 /* Release */ = {
			isa = XCBuildConfiguration;
			buildSettings = {
				ASSETCATALOG_COMPILER_APPICON_NAME = AppIcon;
				FRAMEWORK_SEARCH_PATHS = (
					"$(inherited)",
					"$(PROJECT_DIR)/DDRCoreDataKit/build/Debug-iphoneos",
				);
				INFOPLIST_FILE = CoreDataSample/Info.plist;
				LD_RUNPATH_SEARCH_PATHS = "$(inherited) @executable_path/Frameworks";
				PRODUCT_NAME = "$(TARGET_NAME)";
			};
			name = Release;
		};
		BE8E51881AA11D9900CB08D2 /* Debug */ = {
			isa = XCBuildConfiguration;
			buildSettings = {
				BUNDLE_LOADER = "$(TEST_HOST)";
				FRAMEWORK_SEARCH_PATHS = (
					"$(SDKROOT)/Developer/Library/Frameworks",
					"$(inherited)",
				);
				GCC_PREPROCESSOR_DEFINITIONS = (
					"DEBUG=1",
					"$(inherited)",
				);
				INFOPLIST_FILE = CoreDataSampleTests/Info.plist;
				LD_RUNPATH_SEARCH_PATHS = "$(inherited) @executable_path/Frameworks @loader_path/Frameworks";
				PRODUCT_NAME = "$(TARGET_NAME)";
				TEST_HOST = "$(BUILT_PRODUCTS_DIR)/CoreDataSample.app/CoreDataSample";
			};
			name = Debug;
		};
		BE8E51891AA11D9900CB08D2 /* Release */ = {
			isa = XCBuildConfiguration;
			buildSettings = {
				BUNDLE_LOADER = "$(TEST_HOST)";
				FRAMEWORK_SEARCH_PATHS = (
					"$(SDKROOT)/Developer/Library/Frameworks",
					"$(inherited)",
				);
				INFOPLIST_FILE = CoreDataSampleTests/Info.plist;
				LD_RUNPATH_SEARCH_PATHS = "$(inherited) @executable_path/Frameworks @loader_path/Frameworks";
				PRODUCT_NAME = "$(TARGET_NAME)";
				TEST_HOST = "$(BUILT_PRODUCTS_DIR)/CoreDataSample.app/CoreDataSample";
			};
			name = Release;
		};
/* End XCBuildConfiguration section */

/* Begin XCConfigurationList section */
		BE8E515B1AA11D9900CB08D2 /* Build configuration list for PBXProject "CoreDataSample" */ = {
			isa = XCConfigurationList;
			buildConfigurations = (
				BE8E51821AA11D9900CB08D2 /* Debug */,
				BE8E51831AA11D9900CB08D2 /* Release */,
			);
			defaultConfigurationIsVisible = 0;
			defaultConfigurationName = Release;
		};
		BE8E51841AA11D9900CB08D2 /* Build configuration list for PBXNativeTarget "CoreDataSample" */ = {
			isa = XCConfigurationList;
			buildConfigurations = (
				BE8E51851AA11D9900CB08D2 /* Debug */,
				BE8E51861AA11D9900CB08D2 /* Release */,
			);
			defaultConfigurationIsVisible = 0;
			defaultConfigurationName = Release;
		};
		BE8E51871AA11D9900CB08D2 /* Build configuration list for PBXNativeTarget "CoreDataSampleTests" */ = {
			isa = XCConfigurationList;
			buildConfigurations = (
				BE8E51881AA11D9900CB08D2 /* Debug */,
				BE8E51891AA11D9900CB08D2 /* Release */,
			);
			defaultConfigurationIsVisible = 0;
			defaultConfigurationName = Release;
		};
/* End XCConfigurationList section */

/* Begin XCVersionGroup section */
		BE8E51671AA11D9900CB08D2 /* CoreDataSample.xcdatamodeld */ = {
			isa = XCVersionGroup;
			children = (
				BE8E51681AA11D9900CB08D2 /* CoreDataSample.xcdatamodel */,
			);
			currentVersion = BE8E51681AA11D9900CB08D2 /* CoreDataSample.xcdatamodel */;
			path = CoreDataSample.xcdatamodeld;
			sourceTree = "<group>";
			versionGroupType = wrapper.xcdatamodel;
		};
/* End XCVersionGroup section */
	};
	rootObject = BE8E51581AA11D9900CB08D2 /* Project object */;
}
